
Microsoft Visual Studio Solution File, Format Version 12.00
# Visual Studio 2017
Project("{FAE04EC0-301F-11D3-BF4B-00C04F79EFBC}") = "TanksGame.Plugins", "TanksGame.Plugins.csproj", "{5119D301-6DC1-A196-759B-4623A8F8975A}"
EndProject
Project("{FAE04EC0-301F-11D3-BF4B-00C04F79EFBC}") = "TanksGame", "TanksGame.csproj", "{0B25E22C-DB0A-B415-DA0F-EDE3E3807D7A}"
EndProject
Project("{FAE04EC0-301F-11D3-BF4B-00C04F79EFBC}") = "TanksGame.Editor", "TanksGame.Editor.csproj", "{8BD36A89-D828-A809-8191-9C130E5BCC09}"
EndProject
Global
	GlobalSection(SolutionConfigurationPlatforms) = preSolution
		Debug|Any CPU = Debug|Any CPU
		Release|Any CPU = Release|Any CPU
	EndGlobalSection
	GlobalSection(ProjectConfigurationPlatforms) = postSolution
		{5119D301-6DC1-A196-759B-4623A8F8975A}.Debug|Any CPU.ActiveCfg = Debug|Any CPU
		{5119D301-6DC1-A196-759B-4623A8F8975A}.Debug|Any CPU.Build.0 = Debug|Any CPU
		{5119D301-6DC1-A196-759B-4623A8F8975A}.Release|Any CPU.ActiveCfg = Release|Any CPU
		{5119D301-6DC1-A196-759B-4623A8F8975A}.Release|Any CPU.Build.0 = Release|Any CPU
		{0B25E22C-DB0A-B415-DA0F-EDE3E3807D7A}.Debug|Any CPU.ActiveCfg = Debug|Any CPU
		{0B25E22C-DB0A-B415-DA0F-EDE3E3807D7A}.Debug|Any CPU.Build.0 = Debug|Any CPU
		{0B25E22C-DB0A-B415-DA0F-EDE3E3807D7A}.Release|Any CPU.ActiveCfg = Release|Any CPU
		{0B25E22C-DB0A-B415-DA0F-EDE3E3807D7A}.Release|Any CPU.Build.0 = Release|Any CPU
		{8BD36A89-D828-A809-8191-9C130E5BCC09}.Debug|Any CPU.ActiveCfg = Debug|Any CPU
		{8BD36A89-D828-A809-8191-9C130E5BCC09}.Debug|Any CPU.Build.0 = Debug|Any CPU
		{8BD36A89-D828-A809-8191-9C130E5BCC09}.Release|Any CPU.ActiveCfg = Release|Any CPU
		{8BD36A89-D828-A809-8191-9C130E5BCC09}.Release|Any CPU.Build.0 = Release|Any CPU
	EndGlobalSection
	GlobalSection(SolutionProperties) = preSolution
		HideSolutionNode = FALSE
	EndGlobalSection
EndGlobal
