
Microsoft Visual Studio Solution File, Format Version 11.00
# Visual Studio 2010
Project("{FAE04EC0-301F-11D3-BF4B-00C04F79EFBC}") = "TanksGamePVE", "Assembly-CSharp-firstpass.csproj", "{A51EA2E9-29AF-5D40-CC9B-F4D93100B133}"
EndProject
Project("{FAE04EC0-301F-11D3-BF4B-00C04F79EFBC}") = "TanksGamePVE", "Assembly-CSharp.csproj", "{DEA78959-A532-1EC8-6466-BDAD8483B233}"
EndProject
Project("{FAE04EC0-301F-11D3-BF4B-00C04F79EFBC}") = "TanksGamePVE", "Assembly-CSharp-Editor.csproj", "{BF8B1BA9-95FD-17F1-F7C7-7A26E49461B4}"
EndProject
Global
	GlobalSection(SolutionConfigurationPlatforms) = preSolution
		Debug|Any CPU = Debug|Any CPU
		Release|Any CPU = Release|Any CPU
	EndGlobalSection
	GlobalSection(ProjectConfigurationPlatforms) = postSolution
		{A51EA2E9-29AF-5D40-CC9B-F4D93100B133}.Debug|Any CPU.ActiveCfg = Debug|Any CPU
		{A51EA2E9-29AF-5D40-CC9B-F4D93100B133}.Debug|Any CPU.Build.0 = Debug|Any CPU
		{A51EA2E9-29AF-5D40-CC9B-F4D93100B133}.Release|Any CPU.ActiveCfg = Release|Any CPU
		{A51EA2E9-29AF-5D40-CC9B-F4D93100B133}.Release|Any CPU.Build.0 = Release|Any CPU
		{DEA78959-A532-1EC8-6466-BDAD8483B233}.Debug|Any CPU.ActiveCfg = Debug|Any CPU
		{DEA78959-A532-1EC8-6466-BDAD8483B233}.Debug|Any CPU.Build.0 = Debug|Any CPU
		{DEA78959-A532-1EC8-6466-BDAD8483B233}.Release|Any CPU.ActiveCfg = Release|Any CPU
		{DEA78959-A532-1EC8-6466-BDAD8483B233}.Release|Any CPU.Build.0 = Release|Any CPU
		{BF8B1BA9-95FD-17F1-F7C7-7A26E49461B4}.Debug|Any CPU.ActiveCfg = Debug|Any CPU
		{BF8B1BA9-95FD-17F1-F7C7-7A26E49461B4}.Debug|Any CPU.Build.0 = Debug|Any CPU
		{BF8B1BA9-95FD-17F1-F7C7-7A26E49461B4}.Release|Any CPU.ActiveCfg = Release|Any CPU
		{BF8B1BA9-95FD-17F1-F7C7-7A26E49461B4}.Release|Any CPU.Build.0 = Release|Any CPU
	EndGlobalSection
	GlobalSection(SolutionProperties) = preSolution
		HideSolutionNode = FALSE
	EndGlobalSection
	GlobalSection(MonoDevelopProperties) = preSolution
		StartupItem = Assembly-CSharp.csproj
	EndGlobalSection
EndGlobal
