
Microsoft Visual Studio Solution File, Format Version 11.00
# Visual Studio 2010
Project("{FAE04EC0-301F-11D3-BF4B-00C04F79EFBC}") = "TanksGame2", "Assembly-CSharp-firstpass.csproj", "{9CC57DB8-EA28-7586-4883-67A5CBD33B01}"
EndProject
Project("{FAE04EC0-301F-11D3-BF4B-00C04F79EFBC}") = "TanksGame2", "Assembly-CSharp.csproj", "{28D91AA0-B24D-82BA-636C-D2AB37550379}"
EndProject
Project("{FAE04EC0-301F-11D3-BF4B-00C04F79EFBC}") = "TanksGame2", "Assembly-CSharp-Editor.csproj", "{8A02DEA0-0328-1C50-B139-4E4B17564E7E}"
EndProject
Global
	GlobalSection(SolutionConfigurationPlatforms) = preSolution
		Debug|Any CPU = Debug|Any CPU
		Release|Any CPU = Release|Any CPU
	EndGlobalSection
	GlobalSection(ProjectConfigurationPlatforms) = postSolution
		{9CC57DB8-EA28-7586-4883-67A5CBD33B01}.Debug|Any CPU.ActiveCfg = Debug|Any CPU
		{9CC57DB8-EA28-7586-4883-67A5CBD33B01}.Debug|Any CPU.Build.0 = Debug|Any CPU
		{9CC57DB8-EA28-7586-4883-67A5CBD33B01}.Release|Any CPU.ActiveCfg = Release|Any CPU
		{9CC57DB8-EA28-7586-4883-67A5CBD33B01}.Release|Any CPU.Build.0 = Release|Any CPU
		{28D91AA0-B24D-82BA-636C-D2AB37550379}.Debug|Any CPU.ActiveCfg = Debug|Any CPU
		{28D91AA0-B24D-82BA-636C-D2AB37550379}.Debug|Any CPU.Build.0 = Debug|Any CPU
		{28D91AA0-B24D-82BA-636C-D2AB37550379}.Release|Any CPU.ActiveCfg = Release|Any CPU
		{28D91AA0-B24D-82BA-636C-D2AB37550379}.Release|Any CPU.Build.0 = Release|Any CPU
		{8A02DEA0-0328-1C50-B139-4E4B17564E7E}.Debug|Any CPU.ActiveCfg = Debug|Any CPU
		{8A02DEA0-0328-1C50-B139-4E4B17564E7E}.Debug|Any CPU.Build.0 = Debug|Any CPU
		{8A02DEA0-0328-1C50-B139-4E4B17564E7E}.Release|Any CPU.ActiveCfg = Release|Any CPU
		{8A02DEA0-0328-1C50-B139-4E4B17564E7E}.Release|Any CPU.Build.0 = Release|Any CPU
	EndGlobalSection
	GlobalSection(SolutionProperties) = preSolution
		HideSolutionNode = FALSE
	EndGlobalSection
	GlobalSection(MonoDevelopProperties) = preSolution
		StartupItem = Assembly-CSharp.csproj
	EndGlobalSection
EndGlobal
